// !$*UTF8*$!
{
	archiveVersion = 1;
	classes = {
	};
	objectVersion = 56;
	objects = {

/* Begin PBXBuildFile section */
		29FD9BFF2BD83A7400748996 /* WebinarsViewController.swift in Sources */ = {isa = PBXBuildFile; fileRef = 29FD9BFE2BD83A7400748996 /* WebinarsViewController.swift */; };
		29FD9C012BD841FF00748996 /* TutoringViewController.swift in Sources */ = {isa = PBXBuildFile; fileRef = 29FD9C002BD841FF00748996 /* TutoringViewController.swift */; };
		29FD9C032BD84CDE00748996 /* QualityStandardsViewController.swift in Sources */ = {isa = PBXBuildFile; fileRef = 29FD9C022BD84CDE00748996 /* QualityStandardsViewController.swift */; };
		AD07213E2BCC775400D90A41 /* NewsletterViewController.swift in Sources */ = {isa = PBXBuildFile; fileRef = AD07213D2BCC775400D90A41 /* NewsletterViewController.swift */; };
		AD0721402BCC777100D90A41 /* FeedbackViewController.swift in Sources */ = {isa = PBXBuildFile; fileRef = AD07213F2BCC777100D90A41 /* FeedbackViewController.swift */; };
		AD0721422BCC779200D90A41 /* MaterialsViewController.swift in Sources */ = {isa = PBXBuildFile; fileRef = AD0721412BCC779200D90A41 /* MaterialsViewController.swift */; };
		AD08B0DF2BBCCE3800F7DBC9 /* AppDelegate.swift in Sources */ = {isa = PBXBuildFile; fileRef = AD08B0DE2BBCCE3800F7DBC9 /* AppDelegate.swift */; };
		AD08B0E12BBCCE3800F7DBC9 /* SceneDelegate.swift in Sources */ = {isa = PBXBuildFile; fileRef = AD08B0E02BBCCE3800F7DBC9 /* SceneDelegate.swift */; };
		AD08B0E32BBCCE3800F7DBC9 /* HomepageViewController.swift in Sources */ = {isa = PBXBuildFile; fileRef = AD08B0E22BBCCE3800F7DBC9 /* HomepageViewController.swift */; };
		AD08B0E62BBCCE3800F7DBC9 /* Base in Resources */ = {isa = PBXBuildFile; fileRef = AD08B0E52BBCCE3800F7DBC9 /* Base */; };
		AD08B0E82BBCCE3A00F7DBC9 /* Assets.xcassets in Resources */ = {isa = PBXBuildFile; fileRef = AD08B0E72BBCCE3A00F7DBC9 /* Assets.xcassets */; };
		AD08B0EB2BBCCE3A00F7DBC9 /* Base in Resources */ = {isa = PBXBuildFile; fileRef = AD08B0EA2BBCCE3A00F7DBC9 /* Base */; };
/* End PBXBuildFile section */

/* Begin PBXFileReference section */
		29FD9BFE2BD83A7400748996 /* WebinarsViewController.swift */ = {isa = PBXFileReference; lastKnownFileType = sourcecode.swift; name = WebinarsViewController.swift; path = CFY/WebinarsViewController.swift; sourceTree = "<group>"; };
		29FD9C002BD841FF00748996 /* TutoringViewController.swift */ = {isa = PBXFileReference; lastKnownFileType = sourcecode.swift; path = TutoringViewController.swift; sourceTree = "<group>"; };
		29FD9C022BD84CDE00748996 /* QualityStandardsViewController.swift */ = {isa = PBXFileReference; lastKnownFileType = sourcecode.swift; name = QualityStandardsViewController.swift; path = CFY/QualityStandardsViewController.swift; sourceTree = "<group>"; };
		AD07213D2BCC775400D90A41 /* NewsletterViewController.swift */ = {isa = PBXFileReference; lastKnownFileType = sourcecode.swift; path = NewsletterViewController.swift; sourceTree = "<group>"; };
		AD07213F2BCC777100D90A41 /* FeedbackViewController.swift */ = {isa = PBXFileReference; lastKnownFileType = sourcecode.swift; path = FeedbackViewController.swift; sourceTree = "<group>"; };
		AD0721412BCC779200D90A41 /* MaterialsViewController.swift */ = {isa = PBXFileReference; lastKnownFileType = sourcecode.swift; path = MaterialsViewController.swift; sourceTree = "<group>"; };
		AD08B0DB2BBCCE3800F7DBC9 /* CFY.app */ = {isa = PBXFileReference; explicitFileType = wrapper.application; includeInIndex = 0; path = CFY.app; sourceTree = BUILT_PRODUCTS_DIR; };
		AD08B0DE2BBCCE3800F7DBC9 /* AppDelegate.swift */ = {isa = PBXFileReference; lastKnownFileType = sourcecode.swift; path = AppDelegate.swift; sourceTree = "<group>"; };
		AD08B0E02BBCCE3800F7DBC9 /* SceneDelegate.swift */ = {isa = PBXFileReference; lastKnownFileType = sourcecode.swift; path = SceneDelegate.swift; sourceTree = "<group>"; };
		AD08B0E22BBCCE3800F7DBC9 /* HomepageViewController.swift */ = {isa = PBXFileReference; lastKnownFileType = sourcecode.swift; path = HomepageViewController.swift; sourceTree = "<group>"; };
		AD08B0E52BBCCE3800F7DBC9 /* Base */ = {isa = PBXFileReference; lastKnownFileType = file.storyboard; name = Base; path = Base.lproj/Main.storyboard; sourceTree = "<group>"; };
		AD08B0E72BBCCE3A00F7DBC9 /* Assets.xcassets */ = {isa = PBXFileReference; lastKnownFileType = folder.assetcatalog; path = Assets.xcassets; sourceTree = "<group>"; };
		AD08B0EA2BBCCE3A00F7DBC9 /* Base */ = {isa = PBXFileReference; lastKnownFileType = file.storyboard; name = Base; path = Base.lproj/LaunchScreen.storyboard; sourceTree = "<group>"; };
		AD08B0EC2BBCCE3A00F7DBC9 /* Info.plist */ = {isa = PBXFileReference; lastKnownFileType = text.plist.xml; path = Info.plist; sourceTree = "<group>"; };
/* End PBXFileReference section */

/* Begin PBXFrameworksBuildPhase section */
		AD08B0D82BBCCE3800F7DBC9 /* Frameworks */ = {
			isa = PBXFrameworksBuildPhase;
			buildActionMask = 2147483647;
			files = (
			);
			runOnlyForDeploymentPostprocessing = 0;
		};
/* End PBXFrameworksBuildPhase section */

/* Begin PBXGroup section */
		AD08B0D22BBCCE3800F7DBC9 = {
			isa = PBXGroup;
			children = (
				29FD9C022BD84CDE00748996 /* QualityStandardsViewController.swift */,
				29FD9C002BD841FF00748996 /* TutoringViewController.swift */,
				29FD9BFE2BD83A7400748996 /* WebinarsViewController.swift */,
				AD08B0DD2BBCCE3800F7DBC9 /* CFY */,
				AD08B0DC2BBCCE3800F7DBC9 /* Products */,
			);
			sourceTree = "<group>";
		};
		AD08B0DC2BBCCE3800F7DBC9 /* Products */ = {
			isa = PBXGroup;
			children = (
				AD08B0DB2BBCCE3800F7DBC9 /* CFY.app */,
			);
			name = Products;
			sourceTree = "<group>";
		};
		AD08B0DD2BBCCE3800F7DBC9 /* CFY */ = {
			isa = PBXGroup;
			children = (
				AD08B0DE2BBCCE3800F7DBC9 /* AppDelegate.swift */,
				AD08B0E02BBCCE3800F7DBC9 /* SceneDelegate.swift */,
				AD08B0E22BBCCE3800F7DBC9 /* HomepageViewController.swift */,
				AD08B0E42BBCCE3800F7DBC9 /* Main.storyboard */,
				AD0721412BCC779200D90A41 /* MaterialsViewController.swift */,
				AD07213F2BCC777100D90A41 /* FeedbackViewController.swift */,
				AD07213D2BCC775400D90A41 /* NewsletterViewController.swift */,
				AD08B0E72BBCCE3A00F7DBC9 /* Assets.xcassets */,
				AD08B0E92BBCCE3A00F7DBC9 /* LaunchScreen.storyboard */,
				AD08B0EC2BBCCE3A00F7DBC9 /* Info.plist */,
			);
			path = CFY;
			sourceTree = "<group>";
		};
/* End PBXGroup section */

/* Begin PBXNativeTarget section */
		AD08B0DA2BBCCE3800F7DBC9 /* CFY */ = {
			isa = PBXNativeTarget;
			buildConfigurationList = AD08B0EF2BBCCE3A00F7DBC9 /* Build configuration list for PBXNativeTarget "CFY" */;
			buildPhases = (
				AD08B0D72BBCCE3800F7DBC9 /* Sources */,
				AD08B0D82BBCCE3800F7DBC9 /* Frameworks */,
				AD08B0D92BBCCE3800F7DBC9 /* Resources */,
			);
			buildRules = (
			);
			dependencies = (
			);
			name = CFY;
			productName = CFY;
			productReference = AD08B0DB2BBCCE3800F7DBC9 /* CFY.app */;
			productType = "com.apple.product-type.application";
		};
/* End PBXNativeTarget section */

/* Begin PBXProject section */
		AD08B0D32BBCCE3800F7DBC9 /* Project object */ = {
			isa = PBXProject;
			attributes = {
				BuildIndependentTargetsInParallel = 1;
				LastSwiftUpdateCheck = 1530;
				LastUpgradeCheck = 1530;
				TargetAttributes = {
					AD08B0DA2BBCCE3800F7DBC9 = {
						CreatedOnToolsVersion = 15.3;
					};
				};
			};
			buildConfigurationList = AD08B0D62BBCCE3800F7DBC9 /* Build configuration list for PBXProject "CFY" */;
			compatibilityVersion = "Xcode 14.0";
			developmentRegion = en;
			hasScannedForEncodings = 0;
			knownRegions = (
				en,
				Base,
			);
			mainGroup = AD08B0D22BBCCE3800F7DBC9;
			productRefGroup = AD08B0DC2BBCCE3800F7DBC9 /* Products */;
			projectDirPath = "";
			projectRoot = "";
			targets = (
				AD08B0DA2BBCCE3800F7DBC9 /* CFY */,
			);
		};
/* End PBXProject section */

/* Begin PBXResourcesBuildPhase section */
		AD08B0D92BBCCE3800F7DBC9 /* Resources */ = {
			isa = PBXResourcesBuildPhase;
			buildActionMask = 2147483647;
			files = (
				AD08B0E82BBCCE3A00F7DBC9 /* Assets.xcassets in Resources */,
				AD08B0EB2BBCCE3A00F7DBC9 /* Base in Resources */,
				AD08B0E62BBCCE3800F7DBC9 /* Base in Resources */,
			);
			runOnlyForDeploymentPostprocessing = 0;
		};
/* End PBXResourcesBuildPhase section */

/* Begin PBXSourcesBuildPhase section */
		AD08B0D72BBCCE3800F7DBC9 /* Sources */ = {
			isa = PBXSourcesBuildPhase;
			buildActionMask = 2147483647;
			files = (
				AD08B0E32BBCCE3800F7DBC9 /* HomepageViewController.swift in Sources */,
				AD07213E2BCC775400D90A41 /* NewsletterViewController.swift in Sources */,
				29FD9C012BD841FF00748996 /* TutoringViewController.swift in Sources */,
				AD08B0DF2BBCCE3800F7DBC9 /* AppDelegate.swift in Sources */,
				29FD9BFF2BD83A7400748996 /* WebinarsViewController.swift in Sources */,
				AD0721422BCC779200D90A41 /* MaterialsViewController.swift in Sources */,
				29FD9C032BD84CDE00748996 /* QualityStandardsViewController.swift in Sources */,
				AD0721402BCC777100D90A41 /* FeedbackViewController.swift in Sources */,
				AD08B0E12BBCCE3800F7DBC9 /* SceneDelegate.swift in Sources */,
			);
			runOnlyForDeploymentPostprocessing = 0;
		};
/* End PBXSourcesBuildPhase section */

/* Begin PBXVariantGroup section */
		AD08B0E42BBCCE3800F7DBC9 /* Main.storyboard */ = {
			isa = PBXVariantGroup;
			children = (
				AD08B0E52BBCCE3800F7DBC9 /* Base */,
			);
			name = Main.storyboard;
			sourceTree = "<group>";
		};
		AD08B0E92BBCCE3A00F7DBC9 /* LaunchScreen.storyboard */ = {
			isa = PBXVariantGroup;
			children = (
				AD08B0EA2BBCCE3A00F7DBC9 /* Base */,
			);
			name = LaunchScreen.storyboard;
			sourceTree = "<group>";
		};
/* End PBXVariantGroup section */

/* Begin XCBuildConfiguration section */
		AD08B0ED2BBCCE3A00F7DBC9 /* Debug */ = {
			isa = XCBuildConfiguration;
			buildSettings = {
				ALWAYS_SEARCH_USER_PATHS = NO;
				ASSETCATALOG_COMPILER_GENERATE_SWIFT_ASSET_SYMBOL_EXTENSIONS = YES;
				CLANG_ANALYZER_NONNULL = YES;
				CLANG_ANALYZER_NUMBER_OBJECT_CONVERSION = YES_AGGRESSIVE;
				CLANG_CXX_LANGUAGE_STANDARD = "gnu++20";
				CLANG_ENABLE_MODULES = YES;
				CLANG_ENABLE_OBJC_ARC = YES;
				CLANG_ENABLE_OBJC_WEAK = YES;
				CLANG_WARN_BLOCK_CAPTURE_AUTORELEASING = YES;
				CLANG_WARN_BOOL_CONVERSION = YES;
				CLANG_WARN_COMMA = YES;
				CLANG_WARN_CONSTANT_CONVERSION = YES;
				CLANG_WARN_DEPRECATED_OBJC_IMPLEMENTATIONS = YES;
				CLANG_WARN_DIRECT_OBJC_ISA_USAGE = YES_ERROR;
				CLANG_WARN_DOCUMENTATION_COMMENTS = YES;
				CLANG_WARN_EMPTY_BODY = YES;
				CLANG_WARN_ENUM_CONVERSION = YES;
				CLANG_WARN_INFINITE_RECURSION = YES;
				CLANG_WARN_INT_CONVERSION = YES;
				CLANG_WARN_NON_LITERAL_NULL_CONVERSION = YES;
				CLANG_WARN_OBJC_IMPLICIT_RETAIN_SELF = YES;
				CLANG_WARN_OBJC_LITERAL_CONVERSION = YES;
				CLANG_WARN_OBJC_ROOT_CLASS = YES_ERROR;
				CLANG_WARN_QUOTED_INCLUDE_IN_FRAMEWORK_HEADER = YES;
				CLANG_WARN_RANGE_LOOP_ANALYSIS = YES;
				CLANG_WARN_STRICT_PROTOTYPES = YES;
				CLANG_WARN_SUSPICIOUS_MOVE = YES;
				CLANG_WARN_UNGUARDED_AVAILABILITY = YES_AGGRESSIVE;
				CLANG_WARN_UNREACHABLE_CODE = YES;
				CLANG_WARN__DUPLICATE_METHOD_MATCH = YES;
				COPY_PHASE_STRIP = NO;
				DEBUG_INFORMATION_FORMAT = dwarf;
				ENABLE_STRICT_OBJC_MSGSEND = YES;
				ENABLE_TESTABILITY = YES;
				ENABLE_USER_SCRIPT_SANDBOXING = YES;
				GCC_C_LANGUAGE_STANDARD = gnu17;
				GCC_DYNAMIC_NO_PIC = NO;
				GCC_NO_COMMON_BLOCKS = YES;
				GCC_OPTIMIZATION_LEVEL = 0;
				GCC_PREPROCESSOR_DEFINITIONS = (
					"DEBUG=1",
					"$(inherited)",
				);
				GCC_WARN_64_TO_32_BIT_CONVERSION = YES;
				GCC_WARN_ABOUT_RETURN_TYPE = YES_ERROR;
				GCC_WARN_UNDECLARED_SELECTOR = YES;
				GCC_WARN_UNINITIALIZED_AUTOS = YES_AGGRESSIVE;
				GCC_WARN_UNUSED_FUNCTION = YES;
				GCC_WARN_UNUSED_VARIABLE = YES;
				IPHONEOS_DEPLOYMENT_TARGET = 17.4;
				LOCALIZATION_PREFERS_STRING_CATALOGS = YES;
				MTL_ENABLE_DEBUG_INFO = INCLUDE_SOURCE;
				MTL_FAST_MATH = YES;
				ONLY_ACTIVE_ARCH = YES;
				SDKROOT = iphoneos;
				SWIFT_ACTIVE_COMPILATION_CONDITIONS = "DEBUG $(inherited)";
				SWIFT_OPTIMIZATION_LEVEL = "-Onone";
			};
			name = Debug;
		};
		AD08B0EE2BBCCE3A00F7DBC9 /* Release */ = {
			isa = XCBuildConfiguration;
			buildSettings = {
				ALWAYS_SEARCH_USER_PATHS = NO;
				ASSETCATALOG_COMPILER_GENERATE_SWIFT_ASSET_SYMBOL_EXTENSIONS = YES;
				CLANG_ANALYZER_NONNULL = YES;
				CLANG_ANALYZER_NUMBER_OBJECT_CONVERSION = YES_AGGRESSIVE;
				CLANG_CXX_LANGUAGE_STANDARD = "gnu++20";
				CLANG_ENABLE_MODULES = YES;
				CLANG_ENABLE_OBJC_ARC = YES;
				CLANG_ENABLE_OBJC_WEAK = YES;
				CLANG_WARN_BLOCK_CAPTURE_AUTORELEASING = YES;
				CLANG_WARN_BOOL_CONVERSION = YES;
				CLANG_WARN_COMMA = YES;
				CLANG_WARN_CONSTANT_CONVERSION = YES;
				CLANG_WARN_DEPRECATED_OBJC_IMPLEMENTATIONS = YES;
				CLANG_WARN_DIRECT_OBJC_ISA_USAGE = YES_ERROR;
				CLANG_WARN_DOCUMENTATION_COMMENTS = YES;
				CLANG_WARN_EMPTY_BODY = YES;
				CLANG_WARN_ENUM_CONVERSION = YES;
				CLANG_WARN_INFINITE_RECURSION = YES;
				CLANG_WARN_INT_CONVERSION = YES;
				CLANG_WARN_NON_LITERAL_NULL_CONVERSION = YES;
				CLANG_WARN_OBJC_IMPLICIT_RETAIN_SELF = YES;
				CLANG_WARN_OBJC_LITERAL_CONVERSION = YES;
				CLANG_WARN_OBJC_ROOT_CLASS = YES_ERROR;
				CLANG_WARN_QUOTED_INCLUDE_IN_FRAMEWORK_HEADER = YES;
				CLANG_WARN_RANGE_LOOP_ANALYSIS = YES;
				CLANG_WARN_STRICT_PROTOTYPES = YES;
				CLANG_WARN_SUSPICIOUS_MOVE = YES;
				CLANG_WARN_UNGUARDED_AVAILABILITY = YES_AGGRESSIVE;
				CLANG_WARN_UNREACHABLE_CODE = YES;
				CLANG_WARN__DUPLICATE_METHOD_MATCH = YES;
				COPY_PHASE_STRIP = NO;
				DEBUG_INFORMATION_FORMAT = "dwarf-with-dsym";
				ENABLE_NS_ASSERTIONS = NO;
				ENABLE_STRICT_OBJC_MSGSEND = YES;
				ENABLE_USER_SCRIPT_SANDBOXING = YES;
				GCC_C_LANGUAGE_STANDARD = gnu17;
				GCC_NO_COMMON_BLOCKS = YES;
				GCC_WARN_64_TO_32_BIT_CONVERSION = YES;
				GCC_WARN_ABOUT_RETURN_TYPE = YES_ERROR;
				GCC_WARN_UNDECLARED_SELECTOR = YES;
				GCC_WARN_UNINITIALIZED_AUTOS = YES_AGGRESSIVE;
				GCC_WARN_UNUSED_FUNCTION = YES;
				GCC_WARN_UNUSED_VARIABLE = YES;
				IPHONEOS_DEPLOYMENT_TARGET = 17.4;
				LOCALIZATION_PREFERS_STRING_CATALOGS = YES;
				MTL_ENABLE_DEBUG_INFO = NO;
				MTL_FAST_MATH = YES;
				SDKROOT = iphoneos;
				SWIFT_COMPILATION_MODE = wholemodule;
				VALIDATE_PRODUCT = YES;
			};
			name = Release;
		};
		AD08B0F02BBCCE3A00F7DBC9 /* Debug */ = {
			isa = XCBuildConfiguration;
			buildSettings = {
				ASSETCATALOG_COMPILER_APPICON_NAME = AppIcon;
				ASSETCATALOG_COMPILER_GLOBAL_ACCENT_COLOR_NAME = AccentColor;
				CODE_SIGN_STYLE = Automatic;
				CURRENT_PROJECT_VERSION = 1;
				GENERATE_INFOPLIST_FILE = YES;
				INFOPLIST_FILE = CFY/Info.plist;
				INFOPLIST_KEY_UIApplicationSupportsIndirectInputEvents = YES;
				INFOPLIST_KEY_UILaunchStoryboardName = LaunchScreen;
				INFOPLIST_KEY_UIMainStoryboardFile = Main;
				INFOPLIST_KEY_UISupportedInterfaceOrientations_iPad = "UIInterfaceOrientationPortrait UIInterfaceOrientationPortraitUpsideDown UIInterfaceOrientationLandscapeLeft UIInterfaceOrientationLandscapeRight";
				INFOPLIST_KEY_UISupportedInterfaceOrientations_iPhone = "UIInterfaceOrientationPortrait UIInterfaceOrientationLandscapeLeft UIInterfaceOrientationLandscapeRight";
				LD_RUNPATH_SEARCH_PATHS = (
					"$(inherited)",
					"@executable_path/Frameworks",
				);
				MARKETING_VERSION = 1.0;
				PRODUCT_BUNDLE_IDENTIFIER = edu.unomaha.jannynguyen.CFY;
				PRODUCT_NAME = "$(TARGET_NAME)";
				SWIFT_EMIT_LOC_STRINGS = YES;
				SWIFT_VERSION = 5.0;
				TARGETED_DEVICE_FAMILY = "1,2";
			};
			name = Debug;
		};
		AD08B0F12BBCCE3A00F7DBC9 /* Release */ = {
			isa = XCBuildConfiguration;
			buildSettings = {
				ASSETCATALOG_COMPILER_APPICON_NAME = AppIcon;
				ASSETCATALOG_COMPILER_GLOBAL_ACCENT_COLOR_NAME = AccentColor;
				CODE_SIGN_STYLE = Automatic;
				CURRENT_PROJECT_VERSION = 1;
				GENERATE_INFOPLIST_FILE = YES;
				INFOPLIST_FILE = CFY/Info.plist;
				INFOPLIST_KEY_UIApplicationSupportsIndirectInputEvents = YES;
				INFOPLIST_KEY_UILaunchStoryboardName = LaunchScreen;
				INFOPLIST_KEY_UIMainStoryboardFile = Main;
				INFOPLIST_KEY_UISupportedInterfaceOrientations_iPad = "UIInterfaceOrientationPortrait UIInterfaceOrientationPortraitUpsideDown UIInterfaceOrientationLandscapeLeft UIInterfaceOrientationLandscapeRight";
				INFOPLIST_KEY_UISupportedInterfaceOrientations_iPhone = "UIInterfaceOrientationPortrait UIInterfaceOrientationLandscapeLeft UIInterfaceOrientationLandscapeRight";
				LD_RUNPATH_SEARCH_PATHS = (
					"$(inherited)",
					"@executable_path/Frameworks",
				);
				MARKETING_VERSION = 1.0;
				PRODUCT_BUNDLE_IDENTIFIER = edu.unomaha.jannynguyen.CFY;
				PRODUCT_NAME = "$(TARGET_NAME)";
				SWIFT_EMIT_LOC_STRINGS = YES;
				SWIFT_VERSION = 5.0;
				TARGETED_DEVICE_FAMILY = "1,2";
			};
			name = Release;
		};
/* End XCBuildConfiguration section */

/* Begin XCConfigurationList section */
		AD08B0D62BBCCE3800F7DBC9 /* Build configuration list for PBXProject "CFY" */ = {
			isa = XCConfigurationList;
			buildConfigurations = (
				AD08B0ED2BBCCE3A00F7DBC9 /* Debug */,
				AD08B0EE2BBCCE3A00F7DBC9 /* Release */,
			);
			defaultConfigurationIsVisible = 0;
			defaultConfigurationName = Release;
		};
		AD08B0EF2BBCCE3A00F7DBC9 /* Build configuration list for PBXNativeTarget "CFY" */ = {
			isa = XCConfigurationList;
			buildConfigurations = (
				AD08B0F02BBCCE3A00F7DBC9 /* Debug */,
				AD08B0F12BBCCE3A00F7DBC9 /* Release */,
			);
			defaultConfigurationIsVisible = 0;
			defaultConfigurationName = Release;
		};
/* End XCConfigurationList section */
	};
	rootObject = AD08B0D32BBCCE3800F7DBC9 /* Project object */;
}
